
Microsoft Visual Studio Solution File, Format Version 12.00
# Visual Studio Version 17
VisualStudioVersion = 17.14.36705.20 d17.14
MinimumVisualStudioVersion = 10.0.40219.1
Project("{FAE04EC0-301F-11D3-BF4B-00C04F79EFBC}") = "Eyerone.Domain", "Eyerone.Domain\Eyerone.Domain.csproj", "{DADDB0BB-4557-424E-B058-1993D55C29A9}"
EndProject
Project("{FAE04EC0-301F-11D3-BF4B-00C04F79EFBC}") = "Eyerone.Application", "Eyerone.Application\Eyerone.Application.csproj", "{5A320986-1413-42EE-AF44-C93C5DEA74E9}"
EndProject
Project("{FAE04EC0-301F-11D3-BF4B-00C04F79EFBC}") = "EyeroneApi", "..\EyeroneApi\EyeroneApi.csproj", "{059E0ABC-74F0-E595-5002-715A0D6F4B9F}"
EndProject
Project("{FAE04EC0-301F-11D3-BF4B-00C04F79EFBC}") = "Eyerone.Infrastructure", "Eyerone.Infrastructure\Eyerone.Infrastructure.csproj", "{A8D374B9-1532-4ECE-B384-1FFC4A33563D}"
EndProject
Global
	GlobalSection(SolutionConfigurationPlatforms) = preSolution
		Debug|Any CPU = Debug|Any CPU
		Release|Any CPU = Release|Any CPU
	EndGlobalSection
	GlobalSection(ProjectConfigurationPlatforms) = postSolution
		{DADDB0BB-4557-424E-B058-1993D55C29A9}.Debug|Any CPU.ActiveCfg = Debug|Any CPU
		{DADDB0BB-4557-424E-B058-1993D55C29A9}.Debug|Any CPU.Build.0 = Debug|Any CPU
		{DADDB0BB-4557-424E-B058-1993D55C29A9}.Release|Any CPU.ActiveCfg = Release|Any CPU
		{DADDB0BB-4557-424E-B058-1993D55C29A9}.Release|Any CPU.Build.0 = Release|Any CPU
		{5A320986-1413-42EE-AF44-C93C5DEA74E9}.Debug|Any CPU.ActiveCfg = Debug|Any CPU
		{5A320986-1413-42EE-AF44-C93C5DEA74E9}.Debug|Any CPU.Build.0 = Debug|Any CPU
		{5A320986-1413-42EE-AF44-C93C5DEA74E9}.Release|Any CPU.ActiveCfg = Release|Any CPU
		{5A320986-1413-42EE-AF44-C93C5DEA74E9}.Release|Any CPU.Build.0 = Release|Any CPU
		{059E0ABC-74F0-E595-5002-715A0D6F4B9F}.Debug|Any CPU.ActiveCfg = Debug|Any CPU
		{059E0ABC-74F0-E595-5002-715A0D6F4B9F}.Debug|Any CPU.Build.0 = Debug|Any CPU
		{059E0ABC-74F0-E595-5002-715A0D6F4B9F}.Release|Any CPU.ActiveCfg = Release|Any CPU
		{059E0ABC-74F0-E595-5002-715A0D6F4B9F}.Release|Any CPU.Build.0 = Release|Any CPU
		{A8D374B9-1532-4ECE-B384-1FFC4A33563D}.Debug|Any CPU.ActiveCfg = Debug|Any CPU
		{A8D374B9-1532-4ECE-B384-1FFC4A33563D}.Debug|Any CPU.Build.0 = Debug|Any CPU
		{A8D374B9-1532-4ECE-B384-1FFC4A33563D}.Release|Any CPU.ActiveCfg = Release|Any CPU
		{A8D374B9-1532-4ECE-B384-1FFC4A33563D}.Release|Any CPU.Build.0 = Release|Any CPU
	EndGlobalSection
	GlobalSection(SolutionProperties) = preSolution
		HideSolutionNode = FALSE
	EndGlobalSection
	GlobalSection(ExtensibilityGlobals) = postSolution
		SolutionGuid = {521A2962-6E05-4C1F-92D7-37D3DCE48636}
	EndGlobalSection
EndGlobal
